
Microsoft Visual Studio Solution File, Format Version 12.00
# Visual Studio Version 16
VisualStudioVersion = 16.0.29613.14
MinimumVisualStudioVersion = 10.0.40219.1
Project("{FAE04EC0-301F-11D3-BF4B-00C04F79EFBC}") = "WebAPIFitnessTracker", "WebAPIFitnessTracker\WebAPIFitnessTracker.csproj", "{ABEA3C9E-BA5E-48EE-828E-1B2355BA1FC9}"
EndProject
Global
	GlobalSection(SolutionConfigurationPlatforms) = preSolution
		Debug|Any CPU = Debug|Any CPU
		Release|Any CPU = Release|Any CPU
	EndGlobalSection
	GlobalSection(ProjectConfigurationPlatforms) = postSolution
		{ABEA3C9E-BA5E-48EE-828E-1B2355BA1FC9}.Debug|Any CPU.ActiveCfg = Debug|Any CPU
		{ABEA3C9E-BA5E-48EE-828E-1B2355BA1FC9}.Debug|Any CPU.Build.0 = Debug|Any CPU
		{ABEA3C9E-BA5E-48EE-828E-1B2355BA1FC9}.Release|Any CPU.ActiveCfg = Release|Any CPU
		{ABEA3C9E-BA5E-48EE-828E-1B2355BA1FC9}.Release|Any CPU.Build.0 = Release|Any CPU
	EndGlobalSection
	GlobalSection(SolutionProperties) = preSolution
		HideSolutionNode = FALSE
	EndGlobalSection
	GlobalSection(ExtensibilityGlobals) = postSolution
		SolutionGuid = {D3337CD4-336C-4014-B753-686BBB7BFB16}
	EndGlobalSection
EndGlobal
